
Microsoft Visual Studio Solution File, Format Version 12.00
# Visual Studio Version 16
VisualStudioVersion = 16.0.30128.74
MinimumVisualStudioVersion = 10.0.40219.1
Project("{FAE04EC0-301F-11D3-BF4B-00C04F79EFBC}") = "IOSApp3", "IOSApp3\IOSApp3.csproj", "{CE167365-52D2-4A6C-A028-86C49E298436}"
EndProject
Project("{FAE04EC0-301F-11D3-BF4B-00C04F79EFBC}") = "IOSXamainUITest1", "IOSXamainUITest1\IOSXamainUITest1.csproj", "{1A5B1D16-1D4F-4B73-BB3B-B390BC7D1891}"
EndProject
Global
	GlobalSection(SolutionConfigurationPlatforms) = preSolution
		Debug|Any CPU = Debug|Any CPU
		Debug|iPhone = Debug|iPhone
		Debug|iPhoneSimulator = Debug|iPhoneSimulator
		Release|Any CPU = Release|Any CPU
		Release|iPhone = Release|iPhone
		Release|iPhoneSimulator = Release|iPhoneSimulator
	EndGlobalSection
	GlobalSection(ProjectConfigurationPlatforms) = postSolution
		{CE167365-52D2-4A6C-A028-86C49E298436}.Debug|Any CPU.ActiveCfg = Debug|iPhone
		{CE167365-52D2-4A6C-A028-86C49E298436}.Debug|iPhone.ActiveCfg = Debug|iPhone
		{CE167365-52D2-4A6C-A028-86C49E298436}.Debug|iPhone.Build.0 = Debug|iPhone
		{CE167365-52D2-4A6C-A028-86C49E298436}.Debug|iPhone.Deploy.0 = Debug|iPhone
		{CE167365-52D2-4A6C-A028-86C49E298436}.Debug|iPhoneSimulator.ActiveCfg = Debug|iPhoneSimulator
		{CE167365-52D2-4A6C-A028-86C49E298436}.Debug|iPhoneSimulator.Build.0 = Debug|iPhoneSimulator
		{CE167365-52D2-4A6C-A028-86C49E298436}.Debug|iPhoneSimulator.Deploy.0 = Debug|iPhoneSimulator
		{CE167365-52D2-4A6C-A028-86C49E298436}.Release|Any CPU.ActiveCfg = Release|iPhone
		{CE167365-52D2-4A6C-A028-86C49E298436}.Release|iPhone.ActiveCfg = Release|iPhone
		{CE167365-52D2-4A6C-A028-86C49E298436}.Release|iPhone.Build.0 = Release|iPhone
		{CE167365-52D2-4A6C-A028-86C49E298436}.Release|iPhone.Deploy.0 = Release|iPhone
		{CE167365-52D2-4A6C-A028-86C49E298436}.Release|iPhoneSimulator.ActiveCfg = Release|iPhoneSimulator
		{CE167365-52D2-4A6C-A028-86C49E298436}.Release|iPhoneSimulator.Build.0 = Release|iPhoneSimulator
		{CE167365-52D2-4A6C-A028-86C49E298436}.Release|iPhoneSimulator.Deploy.0 = Release|iPhoneSimulator
		{1A5B1D16-1D4F-4B73-BB3B-B390BC7D1891}.Debug|Any CPU.ActiveCfg = Debug|Any CPU
		{1A5B1D16-1D4F-4B73-BB3B-B390BC7D1891}.Debug|Any CPU.Build.0 = Debug|Any CPU
		{1A5B1D16-1D4F-4B73-BB3B-B390BC7D1891}.Debug|iPhone.ActiveCfg = Debug|Any CPU
		{1A5B1D16-1D4F-4B73-BB3B-B390BC7D1891}.Debug|iPhone.Build.0 = Debug|Any CPU
		{1A5B1D16-1D4F-4B73-BB3B-B390BC7D1891}.Debug|iPhoneSimulator.ActiveCfg = Debug|Any CPU
		{1A5B1D16-1D4F-4B73-BB3B-B390BC7D1891}.Debug|iPhoneSimulator.Build.0 = Debug|Any CPU
		{1A5B1D16-1D4F-4B73-BB3B-B390BC7D1891}.Release|Any CPU.ActiveCfg = Release|Any CPU
		{1A5B1D16-1D4F-4B73-BB3B-B390BC7D1891}.Release|Any CPU.Build.0 = Release|Any CPU
		{1A5B1D16-1D4F-4B73-BB3B-B390BC7D1891}.Release|iPhone.ActiveCfg = Release|Any CPU
		{1A5B1D16-1D4F-4B73-BB3B-B390BC7D1891}.Release|iPhone.Build.0 = Release|Any CPU
		{1A5B1D16-1D4F-4B73-BB3B-B390BC7D1891}.Release|iPhoneSimulator.ActiveCfg = Release|Any CPU
		{1A5B1D16-1D4F-4B73-BB3B-B390BC7D1891}.Release|iPhoneSimulator.Build.0 = Release|Any CPU
	EndGlobalSection
	GlobalSection(SolutionProperties) = preSolution
		HideSolutionNode = FALSE
	EndGlobalSection
	GlobalSection(ExtensibilityGlobals) = postSolution
		SolutionGuid = {C4538503-EBD6-4C48-BC78-EB0558D28927}
	EndGlobalSection
EndGlobal
